
Microsoft Visual Studio Solution File, Format Version 12.00
# Visual Studio Version 17
VisualStudioVersion = 17.5.002.0
MinimumVisualStudioVersion = 10.0.40219.1
Project("{9A19103F-16F7-4668-BE54-9A1E7A4F7556}") = "simple-game-programming-warm-up-Isaiah-Cargill-student", "simple-game-programming-warm-up-Isaiah-Cargill-student.csproj", "{08A923AD-46F5-49DB-9CBA-014EFDA14B3A}"
EndProject
Global
	GlobalSection(SolutionConfigurationPlatforms) = preSolution
		Debug|Any CPU = Debug|Any CPU
		Release|Any CPU = Release|Any CPU
	EndGlobalSection
	GlobalSection(ProjectConfigurationPlatforms) = postSolution
		{08A923AD-46F5-49DB-9CBA-014EFDA14B3A}.Debug|Any CPU.ActiveCfg = Debug|Any CPU
		{08A923AD-46F5-49DB-9CBA-014EFDA14B3A}.Debug|Any CPU.Build.0 = Debug|Any CPU
		{08A923AD-46F5-49DB-9CBA-014EFDA14B3A}.Release|Any CPU.ActiveCfg = Release|Any CPU
		{08A923AD-46F5-49DB-9CBA-014EFDA14B3A}.Release|Any CPU.Build.0 = Release|Any CPU
	EndGlobalSection
	GlobalSection(SolutionProperties) = preSolution
		HideSolutionNode = FALSE
	EndGlobalSection
	GlobalSection(ExtensibilityGlobals) = postSolution
		SolutionGuid = {C068122B-3270-4160-A401-16A5551D0784}
	EndGlobalSection
EndGlobal
